// !$*UTF8*$!
{
	archiveVersion = 1;
	classes = {
	};
	objectVersion = 46;
	objects = {

/* Begin PBXBuildFile section */
		513C0FCF4B6C6EB515C399E8 /* Pods_EasySwiftTest.framework in Frameworks */ = {isa = PBXBuildFile; fileRef = BAC1C3F2BADBD039026F7F81 /* Pods_EasySwiftTest.framework */; };
		DE306B8A1D0459B500EF05C6 /* AppDelegate.swift in Sources */ = {isa = PBXBuildFile; fileRef = DE306B891D0459B500EF05C6 /* AppDelegate.swift */; };
		DE306B8C1D0459B500EF05C6 /* FirstViewController.swift in Sources */ = {isa = PBXBuildFile; fileRef = DE306B8B1D0459B500EF05C6 /* FirstViewController.swift */; };
		DE306B8E1D0459B500EF05C6 /* SecondViewController.swift in Sources */ = {isa = PBXBuildFile; fileRef = DE306B8D1D0459B500EF05C6 /* SecondViewController.swift */; };
		DE306B911D0459B500EF05C6 /* Main.storyboard in Resources */ = {isa = PBXBuildFile; fileRef = DE306B8F1D0459B500EF05C6 /* Main.storyboard */; };
		DE306B931D0459B500EF05C6 /* Assets.xcassets in Resources */ = {isa = PBXBuildFile; fileRef = DE306B921D0459B500EF05C6 /* Assets.xcassets */; };
		DE306B961D0459B500EF05C6 /* LaunchScreen.storyboard in Resources */ = {isa = PBXBuildFile; fileRef = DE306B941D0459B500EF05C6 /* LaunchScreen.storyboard */; };
		DE306BA11D0459B500EF05C6 /* EasySwiftTestTests.swift in Sources */ = {isa = PBXBuildFile; fileRef = DE306BA01D0459B500EF05C6 /* EasySwiftTestTests.swift */; };
		DE306BAC1D0459B500EF05C6 /* EasySwiftTestUITests.swift in Sources */ = {isa = PBXBuildFile; fileRef = DE306BAB1D0459B500EF05C6 /* EasySwiftTestUITests.swift */; };
		DECCB83E1D05ECA60043047F /* Common.m in Sources */ = {isa = PBXBuildFile; fileRef = DECCB83D1D05ECA60043047F /* Common.m */; };
/* End PBXBuildFile section */

/* Begin PBXContainerItemProxy section */
		DE306B9D1D0459B500EF05C6 /* PBXContainerItemProxy */ = {
			isa = PBXContainerItemProxy;
			containerPortal = DE306B7E1D0459B500EF05C6 /* Project object */;
			proxyType = 1;
			remoteGlobalIDString = DE306B851D0459B500EF05C6;
			remoteInfo = EasySwiftTest;
		};
		DE306BA81D0459B500EF05C6 /* PBXContainerItemProxy */ = {
			isa = PBXContainerItemProxy;
			containerPortal = DE306B7E1D0459B500EF05C6 /* Project object */;
			proxyType = 1;
			remoteGlobalIDString = DE306B851D0459B500EF05C6;
			remoteInfo = EasySwiftTest;
		};
/* End PBXContainerItemProxy section */

/* Begin PBXFileReference section */
		5642A4E2262E0446F2901C8A /* Pods-EasySwiftTest.release.xcconfig */ = {isa = PBXFileReference; includeInIndex = 1; lastKnownFileType = text.xcconfig; name = "Pods-EasySwiftTest.release.xcconfig"; path = "Pods/Target Support Files/Pods-EasySwiftTest/Pods-EasySwiftTest.release.xcconfig"; sourceTree = "<group>"; };
		BAC1C3F2BADBD039026F7F81 /* Pods_EasySwiftTest.framework */ = {isa = PBXFileReference; explicitFileType = wrapper.framework; includeInIndex = 0; path = Pods_EasySwiftTest.framework; sourceTree = BUILT_PRODUCTS_DIR; };
		D6D64D8A91DEC5CDFD118CBB /* Pods-EasySwiftTest.debug.xcconfig */ = {isa = PBXFileReference; includeInIndex = 1; lastKnownFileType = text.xcconfig; name = "Pods-EasySwiftTest.debug.xcconfig"; path = "Pods/Target Support Files/Pods-EasySwiftTest/Pods-EasySwiftTest.debug.xcconfig"; sourceTree = "<group>"; };
		DE306B861D0459B500EF05C6 /* EasySwiftTest.app */ = {isa = PBXFileReference; explicitFileType = wrapper.application; includeInIndex = 0; path = EasySwiftTest.app; sourceTree = BUILT_PRODUCTS_DIR; };
		DE306B891D0459B500EF05C6 /* AppDelegate.swift */ = {isa = PBXFileReference; lastKnownFileType = sourcecode.swift; path = AppDelegate.swift; sourceTree = "<group>"; };
		DE306B8B1D0459B500EF05C6 /* FirstViewController.swift */ = {isa = PBXFileReference; lastKnownFileType = sourcecode.swift; path = FirstViewController.swift; sourceTree = "<group>"; };
		DE306B8D1D0459B500EF05C6 /* SecondViewController.swift */ = {isa = PBXFileReference; lastKnownFileType = sourcecode.swift; path = SecondViewController.swift; sourceTree = "<group>"; };
		DE306B901D0459B500EF05C6 /* Base */ = {isa = PBXFileReference; lastKnownFileType = file.storyboard; name = Base; path = Base.lproj/Main.storyboard; sourceTree = "<group>"; };
		DE306B921D0459B500EF05C6 /* Assets.xcassets */ = {isa = PBXFileReference; lastKnownFileType = folder.assetcatalog; path = Assets.xcassets; sourceTree = "<group>"; };
		DE306B951D0459B500EF05C6 /* Base */ = {isa = PBXFileReference; lastKnownFileType = file.storyboard; name = Base; path = Base.lproj/LaunchScreen.storyboard; sourceTree = "<group>"; };
		DE306B971D0459B500EF05C6 /* Info.plist */ = {isa = PBXFileReference; lastKnownFileType = text.plist.xml; path = Info.plist; sourceTree = "<group>"; };
		DE306B9C1D0459B500EF05C6 /* EasySwiftTestTests.xctest */ = {isa = PBXFileReference; explicitFileType = wrapper.cfbundle; includeInIndex = 0; path = EasySwiftTestTests.xctest; sourceTree = BUILT_PRODUCTS_DIR; };
		DE306BA01D0459B500EF05C6 /* EasySwiftTestTests.swift */ = {isa = PBXFileReference; lastKnownFileType = sourcecode.swift; path = EasySwiftTestTests.swift; sourceTree = "<group>"; };
		DE306BA21D0459B500EF05C6 /* Info.plist */ = {isa = PBXFileReference; lastKnownFileType = text.plist.xml; path = Info.plist; sourceTree = "<group>"; };
		DE306BA71D0459B500EF05C6 /* EasySwiftTestUITests.xctest */ = {isa = PBXFileReference; explicitFileType = wrapper.cfbundle; includeInIndex = 0; path = EasySwiftTestUITests.xctest; sourceTree = BUILT_PRODUCTS_DIR; };
		DE306BAB1D0459B500EF05C6 /* EasySwiftTestUITests.swift */ = {isa = PBXFileReference; lastKnownFileType = sourcecode.swift; path = EasySwiftTestUITests.swift; sourceTree = "<group>"; };
		DE306BAD1D0459B500EF05C6 /* Info.plist */ = {isa = PBXFileReference; lastKnownFileType = text.plist.xml; path = Info.plist; sourceTree = "<group>"; };
		DECCB83B1D05ECA60043047F /* EasySwiftTest-Bridging-Header.h */ = {isa = PBXFileReference; lastKnownFileType = sourcecode.c.h; path = "EasySwiftTest-Bridging-Header.h"; sourceTree = "<group>"; };
		DECCB83C1D05ECA60043047F /* Common.h */ = {isa = PBXFileReference; fileEncoding = 4; lastKnownFileType = sourcecode.c.h; path = Common.h; sourceTree = "<group>"; };
		DECCB83D1D05ECA60043047F /* Common.m */ = {isa = PBXFileReference; fileEncoding = 4; lastKnownFileType = sourcecode.c.objc; path = Common.m; sourceTree = "<group>"; };
/* End PBXFileReference section */

/* Begin PBXFrameworksBuildPhase section */
		DE306B831D0459B500EF05C6 /* Frameworks */ = {
			isa = PBXFrameworksBuildPhase;
			buildActionMask = 2147483647;
			files = (
				513C0FCF4B6C6EB515C399E8 /* Pods_EasySwiftTest.framework in Frameworks */,
			);
			runOnlyForDeploymentPostprocessing = 0;
		};
		DE306B991D0459B500EF05C6 /* Frameworks */ = {
			isa = PBXFrameworksBuildPhase;
			buildActionMask = 2147483647;
			files = (
			);
			runOnlyForDeploymentPostprocessing = 0;
		};
		DE306BA41D0459B500EF05C6 /* Frameworks */ = {
			isa = PBXFrameworksBuildPhase;
			buildActionMask = 2147483647;
			files = (
			);
			runOnlyForDeploymentPostprocessing = 0;
		};
/* End PBXFrameworksBuildPhase section */

/* Begin PBXGroup section */
		07A06ABD23BF202A35CB414E /* Pods */ = {
			isa = PBXGroup;
			children = (
				D6D64D8A91DEC5CDFD118CBB /* Pods-EasySwiftTest.debug.xcconfig */,
				5642A4E2262E0446F2901C8A /* Pods-EasySwiftTest.release.xcconfig */,
			);
			name = Pods;
			sourceTree = "<group>";
		};
		9CB523B5F3056C11CD0DE327 /* Frameworks */ = {
			isa = PBXGroup;
			children = (
				BAC1C3F2BADBD039026F7F81 /* Pods_EasySwiftTest.framework */,
			);
			name = Frameworks;
			sourceTree = "<group>";
		};
		DE306B7D1D0459B500EF05C6 = {
			isa = PBXGroup;
			children = (
				DE306B881D0459B500EF05C6 /* EasySwiftTest */,
				DE306B9F1D0459B500EF05C6 /* EasySwiftTestTests */,
				DE306BAA1D0459B500EF05C6 /* EasySwiftTestUITests */,
				DE306B871D0459B500EF05C6 /* Products */,
				07A06ABD23BF202A35CB414E /* Pods */,
				9CB523B5F3056C11CD0DE327 /* Frameworks */,
			);
			sourceTree = "<group>";
		};
		DE306B871D0459B500EF05C6 /* Products */ = {
			isa = PBXGroup;
			children = (
				DE306B861D0459B500EF05C6 /* EasySwiftTest.app */,
				DE306B9C1D0459B500EF05C6 /* EasySwiftTestTests.xctest */,
				DE306BA71D0459B500EF05C6 /* EasySwiftTestUITests.xctest */,
			);
			name = Products;
			sourceTree = "<group>";
		};
		DE306B881D0459B500EF05C6 /* EasySwiftTest */ = {
			isa = PBXGroup;
			children = (
				DE306B891D0459B500EF05C6 /* AppDelegate.swift */,
				DE306B8B1D0459B500EF05C6 /* FirstViewController.swift */,
				DE306B8D1D0459B500EF05C6 /* SecondViewController.swift */,
				DECCB83C1D05ECA60043047F /* Common.h */,
				DECCB83D1D05ECA60043047F /* Common.m */,
				DE306B8F1D0459B500EF05C6 /* Main.storyboard */,
				DE306B921D0459B500EF05C6 /* Assets.xcassets */,
				DE306B941D0459B500EF05C6 /* LaunchScreen.storyboard */,
				DE306B971D0459B500EF05C6 /* Info.plist */,
				DECCB83B1D05ECA60043047F /* EasySwiftTest-Bridging-Header.h */,
			);
			path = EasySwiftTest;
			sourceTree = "<group>";
		};
		DE306B9F1D0459B500EF05C6 /* EasySwiftTestTests */ = {
			isa = PBXGroup;
			children = (
				DE306BA01D0459B500EF05C6 /* EasySwiftTestTests.swift */,
				DE306BA21D0459B500EF05C6 /* Info.plist */,
			);
			path = EasySwiftTestTests;
			sourceTree = "<group>";
		};
		DE306BAA1D0459B500EF05C6 /* EasySwiftTestUITests */ = {
			isa = PBXGroup;
			children = (
				DE306BAB1D0459B500EF05C6 /* EasySwiftTestUITests.swift */,
				DE306BAD1D0459B500EF05C6 /* Info.plist */,
			);
			path = EasySwiftTestUITests;
			sourceTree = "<group>";
		};
/* End PBXGroup section */

/* Begin PBXNativeTarget section */
		DE306B851D0459B500EF05C6 /* EasySwiftTest */ = {
			isa = PBXNativeTarget;
			buildConfigurationList = DE306BB01D0459B500EF05C6 /* Build configuration list for PBXNativeTarget "EasySwiftTest" */;
			buildPhases = (
				85389C966349B91023210B1D /* [CP] Check Pods Manifest.lock */,
				DE306B821D0459B500EF05C6 /* Sources */,
				DE306B831D0459B500EF05C6 /* Frameworks */,
				DE306B841D0459B500EF05C6 /* Resources */,
				3463B549B59C3FEAE904E847 /* [CP] Embed Pods Frameworks */,
				08D076F4C9AD71B8F5EBF1D6 /* [CP] Copy Pods Resources */,
			);
			buildRules = (
			);
			dependencies = (
			);
			name = EasySwiftTest;
			productName = EasySwiftTest;
			productReference = DE306B861D0459B500EF05C6 /* EasySwiftTest.app */;
			productType = "com.apple.product-type.application";
		};
		DE306B9B1D0459B500EF05C6 /* EasySwiftTestTests */ = {
			isa = PBXNativeTarget;
			buildConfigurationList = DE306BB31D0459B500EF05C6 /* Build configuration list for PBXNativeTarget "EasySwiftTestTests" */;
			buildPhases = (
				DE306B981D0459B500EF05C6 /* Sources */,
				DE306B991D0459B500EF05C6 /* Frameworks */,
				DE306B9A1D0459B500EF05C6 /* Resources */,
			);
			buildRules = (
			);
			dependencies = (
				DE306B9E1D0459B500EF05C6 /* PBXTargetDependency */,
			);
			name = EasySwiftTestTests;
			productName = EasySwiftTestTests;
			productReference = DE306B9C1D0459B500EF05C6 /* EasySwiftTestTests.xctest */;
			productType = "com.apple.product-type.bundle.unit-test";
		};
		DE306BA61D0459B500EF05C6 /* EasySwiftTestUITests */ = {
			isa = PBXNativeTarget;
			buildConfigurationList = DE306BB61D0459B500EF05C6 /* Build configuration list for PBXNativeTarget "EasySwiftTestUITests" */;
			buildPhases = (
				DE306BA31D0459B500EF05C6 /* Sources */,
				DE306BA41D0459B500EF05C6 /* Frameworks */,
				DE306BA51D0459B500EF05C6 /* Resources */,
			);
			buildRules = (
			);
			dependencies = (
				DE306BA91D0459B500EF05C6 /* PBXTargetDependency */,
			);
			name = EasySwiftTestUITests;
			productName = EasySwiftTestUITests;
			productReference = DE306BA71D0459B500EF05C6 /* EasySwiftTestUITests.xctest */;
			productType = "com.apple.product-type.bundle.ui-testing";
		};
/* End PBXNativeTarget section */

/* Begin PBXProject section */
		DE306B7E1D0459B500EF05C6 /* Project object */ = {
			isa = PBXProject;
			attributes = {
				LastSwiftUpdateCheck = 0730;
				LastUpgradeCheck = 0730;
				ORGANIZATIONNAME = "袁晓钧";
				TargetAttributes = {
					DE306B851D0459B500EF05C6 = {
						CreatedOnToolsVersion = 7.3.1;
					};
					DE306B9B1D0459B500EF05C6 = {
						CreatedOnToolsVersion = 7.3.1;
						TestTargetID = DE306B851D0459B500EF05C6;
					};
					DE306BA61D0459B500EF05C6 = {
						CreatedOnToolsVersion = 7.3.1;
						TestTargetID = DE306B851D0459B500EF05C6;
					};
				};
			};
			buildConfigurationList = DE306B811D0459B500EF05C6 /* Build configuration list for PBXProject "EasySwiftTest" */;
			compatibilityVersion = "Xcode 3.2";
			developmentRegion = English;
			hasScannedForEncodings = 0;
			knownRegions = (
				en,
				Base,
			);
			mainGroup = DE306B7D1D0459B500EF05C6;
			productRefGroup = DE306B871D0459B500EF05C6 /* Products */;
			projectDirPath = "";
			projectRoot = "";
			targets = (
				DE306B851D0459B500EF05C6 /* EasySwiftTest */,
				DE306B9B1D0459B500EF05C6 /* EasySwiftTestTests */,
				DE306BA61D0459B500EF05C6 /* EasySwiftTestUITests */,
			);
		};
/* End PBXProject section */

/* Begin PBXResourcesBuildPhase section */
		DE306B841D0459B500EF05C6 /* Resources */ = {
			isa = PBXResourcesBuildPhase;
			buildActionMask = 2147483647;
			files = (
				DE306B961D0459B500EF05C6 /* LaunchScreen.storyboard in Resources */,
				DE306B931D0459B500EF05C6 /* Assets.xcassets in Resources */,
				DE306B911D0459B500EF05C6 /* Main.storyboard in Resources */,
			);
			runOnlyForDeploymentPostprocessing = 0;
		};
		DE306B9A1D0459B500EF05C6 /* Resources */ = {
			isa = PBXResourcesBuildPhase;
			buildActionMask = 2147483647;
			files = (
			);
			runOnlyForDeploymentPostprocessing = 0;
		};
		DE306BA51D0459B500EF05C6 /* Resources */ = {
			isa = PBXResourcesBuildPhase;
			buildActionMask = 2147483647;
			files = (
			);
			runOnlyForDeploymentPostprocessing = 0;
		};
/* End PBXResourcesBuildPhase section */

/* Begin PBXShellScriptBuildPhase section */
		08D076F4C9AD71B8F5EBF1D6 /* [CP] Copy Pods Resources */ = {
			isa = PBXShellScriptBuildPhase;
			buildActionMask = 2147483647;
			files = (
			);
			inputPaths = (
			);
			name = "[CP] Copy Pods Resources";
			outputPaths = (
			);
			runOnlyForDeploymentPostprocessing = 0;
			shellPath = /bin/sh;
			shellScript = "\"${SRCROOT}/Pods/Target Support Files/Pods-EasySwiftTest/Pods-EasySwiftTest-resources.sh\"\n";
			showEnvVarsInLog = 0;
		};
		3463B549B59C3FEAE904E847 /* [CP] Embed Pods Frameworks */ = {
			isa = PBXShellScriptBuildPhase;
			buildActionMask = 2147483647;
			files = (
			);
			inputPaths = (
			);
			name = "[CP] Embed Pods Frameworks";
			outputPaths = (
			);
			runOnlyForDeploymentPostprocessing = 0;
			shellPath = /bin/sh;
			shellScript = "\"${SRCROOT}/Pods/Target Support Files/Pods-EasySwiftTest/Pods-EasySwiftTest-frameworks.sh\"\n";
			showEnvVarsInLog = 0;
		};
		85389C966349B91023210B1D /* [CP] Check Pods Manifest.lock */ = {
			isa = PBXShellScriptBuildPhase;
			buildActionMask = 2147483647;
			files = (
			);
			inputPaths = (
			);
			name = "[CP] Check Pods Manifest.lock";
			outputPaths = (
			);
			runOnlyForDeploymentPostprocessing = 0;
			shellPath = /bin/sh;
			shellScript = "diff \"${PODS_ROOT}/../Podfile.lock\" \"${PODS_ROOT}/Manifest.lock\" > /dev/null\nif [[ $? != 0 ]] ; then\n    cat << EOM\nerror: The sandbox is not in sync with the Podfile.lock. Run 'pod install' or update your CocoaPods installation.\nEOM\n    exit 1\nfi\n";
			showEnvVarsInLog = 0;
		};
/* End PBXShellScriptBuildPhase section */

/* Begin PBXSourcesBuildPhase section */
		DE306B821D0459B500EF05C6 /* Sources */ = {
			isa = PBXSourcesBuildPhase;
			buildActionMask = 2147483647;
			files = (
				DECCB83E1D05ECA60043047F /* Common.m in Sources */,
				DE306B8E1D0459B500EF05C6 /* SecondViewController.swift in Sources */,
				DE306B8A1D0459B500EF05C6 /* AppDelegate.swift in Sources */,
				DE306B8C1D0459B500EF05C6 /* FirstViewController.swift in Sources */,
			);
			runOnlyForDeploymentPostprocessing = 0;
		};
		DE306B981D0459B500EF05C6 /* Sources */ = {
			isa = PBXSourcesBuildPhase;
			buildActionMask = 2147483647;
			files = (
				DE306BA11D0459B500EF05C6 /* EasySwiftTestTests.swift in Sources */,
			);
			runOnlyForDeploymentPostprocessing = 0;
		};
		DE306BA31D0459B500EF05C6 /* Sources */ = {
			isa = PBXSourcesBuildPhase;
			buildActionMask = 2147483647;
			files = (
				DE306BAC1D0459B500EF05C6 /* EasySwiftTestUITests.swift in Sources */,
			);
			runOnlyForDeploymentPostprocessing = 0;
		};
/* End PBXSourcesBuildPhase section */

/* Begin PBXTargetDependency section */
		DE306B9E1D0459B500EF05C6 /* PBXTargetDependency */ = {
			isa = PBXTargetDependency;
			target = DE306B851D0459B500EF05C6 /* EasySwiftTest */;
			targetProxy = DE306B9D1D0459B500EF05C6 /* PBXContainerItemProxy */;
		};
		DE306BA91D0459B500EF05C6 /* PBXTargetDependency */ = {
			isa = PBXTargetDependency;
			target = DE306B851D0459B500EF05C6 /* EasySwiftTest */;
			targetProxy = DE306BA81D0459B500EF05C6 /* PBXContainerItemProxy */;
		};
/* End PBXTargetDependency section */

/* Begin PBXVariantGroup section */
		DE306B8F1D0459B500EF05C6 /* Main.storyboard */ = {
			isa = PBXVariantGroup;
			children = (
				DE306B901D0459B500EF05C6 /* Base */,
			);
			name = Main.storyboard;
			sourceTree = "<group>";
		};
		DE306B941D0459B500EF05C6 /* LaunchScreen.storyboard */ = {
			isa = PBXVariantGroup;
			children = (
				DE306B951D0459B500EF05C6 /* Base */,
			);
			name = LaunchScreen.storyboard;
			sourceTree = "<group>";
		};
/* End PBXVariantGroup section */

/* Begin XCBuildConfiguration section */
		DE306BAE1D0459B500EF05C6 /* Debug */ = {
			isa = XCBuildConfiguration;
			buildSettings = {
				ALWAYS_SEARCH_USER_PATHS = NO;
				CLANG_ANALYZER_NONNULL = YES;
				CLANG_CXX_LANGUAGE_STANDARD = "gnu++0x";
				CLANG_CXX_LIBRARY = "libc++";
				CLANG_ENABLE_MODULES = YES;
				CLANG_ENABLE_OBJC_ARC = YES;
				CLANG_WARN_BOOL_CONVERSION = YES;
				CLANG_WARN_CONSTANT_CONVERSION = YES;
				CLANG_WARN_DIRECT_OBJC_ISA_USAGE = YES_ERROR;
				CLANG_WARN_EMPTY_BODY = YES;
				CLANG_WARN_ENUM_CONVERSION = YES;
				CLANG_WARN_INT_CONVERSION = YES;
				CLANG_WARN_OBJC_ROOT_CLASS = YES_ERROR;
				CLANG_WARN_UNREACHABLE_CODE = YES;
				CLANG_WARN__DUPLICATE_METHOD_MATCH = YES;
				"CODE_SIGN_IDENTITY[sdk=iphoneos*]" = "iPhone Developer";
				COPY_PHASE_STRIP = NO;
				DEBUG_INFORMATION_FORMAT = dwarf;
				ENABLE_STRICT_OBJC_MSGSEND = YES;
				ENABLE_TESTABILITY = YES;
				GCC_C_LANGUAGE_STANDARD = gnu99;
				GCC_DYNAMIC_NO_PIC = NO;
				GCC_NO_COMMON_BLOCKS = YES;
				GCC_OPTIMIZATION_LEVEL = 0;
				GCC_PREPROCESSOR_DEFINITIONS = (
					"DEBUG=1",
					"$(inherited)",
				);
				GCC_WARN_64_TO_32_BIT_CONVERSION = YES;
				GCC_WARN_ABOUT_RETURN_TYPE = YES_ERROR;
				GCC_WARN_UNDECLARED_SELECTOR = YES;
				GCC_WARN_UNINITIALIZED_AUTOS = YES_AGGRESSIVE;
				GCC_WARN_UNUSED_FUNCTION = YES;
				GCC_WARN_UNUSED_VARIABLE = YES;
				IPHONEOS_DEPLOYMENT_TARGET = 9.3;
				MTL_ENABLE_DEBUG_INFO = YES;
				ONLY_ACTIVE_ARCH = YES;
				SDKROOT = iphoneos;
				SWIFT_OPTIMIZATION_LEVEL = "-Onone";
			};
			name = Debug;
		};
		DE306BAF1D0459B500EF05C6 /* Release */ = {
			isa = XCBuildConfiguration;
			buildSettings = {
				ALWAYS_SEARCH_USER_PATHS = NO;
				CLANG_ANALYZER_NONNULL = YES;
				CLANG_CXX_LANGUAGE_STANDARD = "gnu++0x";
				CLANG_CXX_LIBRARY = "libc++";
				CLANG_ENABLE_MODULES = YES;
				CLANG_ENABLE_OBJC_ARC = YES;
				CLANG_WARN_BOOL_CONVERSION = YES;
				CLANG_WARN_CONSTANT_CONVERSION = YES;
				CLANG_WARN_DIRECT_OBJC_ISA_USAGE = YES_ERROR;
				CLANG_WARN_EMPTY_BODY = YES;
				CLANG_WARN_ENUM_CONVERSION = YES;
				CLANG_WARN_INT_CONVERSION = YES;
				CLANG_WARN_OBJC_ROOT_CLASS = YES_ERROR;
				CLANG_WARN_UNREACHABLE_CODE = YES;
				CLANG_WARN__DUPLICATE_METHOD_MATCH = YES;
				"CODE_SIGN_IDENTITY[sdk=iphoneos*]" = "iPhone Developer";
				COPY_PHASE_STRIP = NO;
				DEBUG_INFORMATION_FORMAT = "dwarf-with-dsym";
				ENABLE_NS_ASSERTIONS = NO;
				ENABLE_STRICT_OBJC_MSGSEND = YES;
				GCC_C_LANGUAGE_STANDARD = gnu99;
				GCC_NO_COMMON_BLOCKS = YES;
				GCC_WARN_64_TO_32_BIT_CONVERSION = YES;
				GCC_WARN_ABOUT_RETURN_TYPE = YES_ERROR;
				GCC_WARN_UNDECLARED_SELECTOR = YES;
				GCC_WARN_UNINITIALIZED_AUTOS = YES_AGGRESSIVE;
				GCC_WARN_UNUSED_FUNCTION = YES;
				GCC_WARN_UNUSED_VARIABLE = YES;
				IPHONEOS_DEPLOYMENT_TARGET = 9.3;
				MTL_ENABLE_DEBUG_INFO = NO;
				SDKROOT = iphoneos;
				VALIDATE_PRODUCT = YES;
			};
			name = Release;
		};
		DE306BB11D0459B500EF05C6 /* Debug */ = {
			isa = XCBuildConfiguration;
			baseConfigurationReference = D6D64D8A91DEC5CDFD118CBB /* Pods-EasySwiftTest.debug.xcconfig */;
			buildSettings = {
				ASSETCATALOG_COMPILER_APPICON_NAME = AppIcon;
				CLANG_ENABLE_MODULES = YES;
				INFOPLIST_FILE = EasySwiftTest/Info.plist;
				IPHONEOS_DEPLOYMENT_TARGET = 8.0;
				LD_RUNPATH_SEARCH_PATHS = "$(inherited) @executable_path/Frameworks";
				PRODUCT_BUNDLE_IDENTIFIER = com.YXJ.EasySwiftTest;
				PRODUCT_NAME = "$(TARGET_NAME)";
				SWIFT_OBJC_BRIDGING_HEADER = "EasySwiftTest/EasySwiftTest-Bridging-Header.h";
				SWIFT_OPTIMIZATION_LEVEL = "-Onone";
			};
			name = Debug;
		};
		DE306BB21D0459B500EF05C6 /* Release */ = {
			isa = XCBuildConfiguration;
			baseConfigurationReference = 5642A4E2262E0446F2901C8A /* Pods-EasySwiftTest.release.xcconfig */;
			buildSettings = {
				ASSETCATALOG_COMPILER_APPICON_NAME = AppIcon;
				CLANG_ENABLE_MODULES = YES;
				INFOPLIST_FILE = EasySwiftTest/Info.plist;
				IPHONEOS_DEPLOYMENT_TARGET = 8.0;
				LD_RUNPATH_SEARCH_PATHS = "$(inherited) @executable_path/Frameworks";
				PRODUCT_BUNDLE_IDENTIFIER = com.YXJ.EasySwiftTest;
				PRODUCT_NAME = "$(TARGET_NAME)";
				SWIFT_OBJC_BRIDGING_HEADER = "EasySwiftTest/EasySwiftTest-Bridging-Header.h";
			};
			name = Release;
		};
		DE306BB41D0459B500EF05C6 /* Debug */ = {
			isa = XCBuildConfiguration;
			buildSettings = {
				BUNDLE_LOADER = "$(TEST_HOST)";
				INFOPLIST_FILE = EasySwiftTestTests/Info.plist;
				LD_RUNPATH_SEARCH_PATHS = "$(inherited) @executable_path/Frameworks @loader_path/Frameworks";
				PRODUCT_BUNDLE_IDENTIFIER = com.YXJ.EasySwiftTestTests;
				PRODUCT_NAME = "$(TARGET_NAME)";
				TEST_HOST = "$(BUILT_PRODUCTS_DIR)/EasySwiftTest.app/EasySwiftTest";
			};
			name = Debug;
		};
		DE306BB51D0459B500EF05C6 /* Release */ = {
			isa = XCBuildConfiguration;
			buildSettings = {
				BUNDLE_LOADER = "$(TEST_HOST)";
				INFOPLIST_FILE = EasySwiftTestTests/Info.plist;
				LD_RUNPATH_SEARCH_PATHS = "$(inherited) @executable_path/Frameworks @loader_path/Frameworks";
				PRODUCT_BUNDLE_IDENTIFIER = com.YXJ.EasySwiftTestTests;
				PRODUCT_NAME = "$(TARGET_NAME)";
				TEST_HOST = "$(BUILT_PRODUCTS_DIR)/EasySwiftTest.app/EasySwiftTest";
			};
			name = Release;
		};
		DE306BB71D0459B500EF05C6 /* Debug */ = {
			isa = XCBuildConfiguration;
			buildSettings = {
				INFOPLIST_FILE = EasySwiftTestUITests/Info.plist;
				LD_RUNPATH_SEARCH_PATHS = "$(inherited) @executable_path/Frameworks @loader_path/Frameworks";
				PRODUCT_BUNDLE_IDENTIFIER = com.YXJ.EasySwiftTestUITests;
				PRODUCT_NAME = "$(TARGET_NAME)";
				TEST_TARGET_NAME = EasySwiftTest;
			};
			name = Debug;
		};
		DE306BB81D0459B500EF05C6 /* Release */ = {
			isa = XCBuildConfiguration;
			buildSettings = {
				INFOPLIST_FILE = EasySwiftTestUITests/Info.plist;
				LD_RUNPATH_SEARCH_PATHS = "$(inherited) @executable_path/Frameworks @loader_path/Frameworks";
				PRODUCT_BUNDLE_IDENTIFIER = com.YXJ.EasySwiftTestUITests;
				PRODUCT_NAME = "$(TARGET_NAME)";
				TEST_TARGET_NAME = EasySwiftTest;
			};
			name = Release;
		};
/* End XCBuildConfiguration section */

/* Begin XCConfigurationList section */
		DE306B811D0459B500EF05C6 /* Build configuration list for PBXProject "EasySwiftTest" */ = {
			isa = XCConfigurationList;
			buildConfigurations = (
				DE306BAE1D0459B500EF05C6 /* Debug */,
				DE306BAF1D0459B500EF05C6 /* Release */,
			);
			defaultConfigurationIsVisible = 0;
			defaultConfigurationName = Release;
		};
		DE306BB01D0459B500EF05C6 /* Build configuration list for PBXNativeTarget "EasySwiftTest" */ = {
			isa = XCConfigurationList;
			buildConfigurations = (
				DE306BB11D0459B500EF05C6 /* Debug */,
				DE306BB21D0459B500EF05C6 /* Release */,
			);
			defaultConfigurationIsVisible = 0;
			defaultConfigurationName = Release;
		};
		DE306BB31D0459B500EF05C6 /* Build configuration list for PBXNativeTarget "EasySwiftTestTests" */ = {
			isa = XCConfigurationList;
			buildConfigurations = (
				DE306BB41D0459B500EF05C6 /* Debug */,
				DE306BB51D0459B500EF05C6 /* Release */,
			);
			defaultConfigurationIsVisible = 0;
			defaultConfigurationName = Release;
		};
		DE306BB61D0459B500EF05C6 /* Build configuration list for PBXNativeTarget "EasySwiftTestUITests" */ = {
			isa = XCConfigurationList;
			buildConfigurations = (
				DE306BB71D0459B500EF05C6 /* Debug */,
				DE306BB81D0459B500EF05C6 /* Release */,
			);
			defaultConfigurationIsVisible = 0;
			defaultConfigurationName = Release;
		};
/* End XCConfigurationList section */
	};
	rootObject = DE306B7E1D0459B500EF05C6 /* Project object */;
}
