PODS:
  - Alamofire (3.3.1)
  - APAddressBook (0.2.3):
    - APAddressBook/Core (= 0.2.3)
  - APAddressBook/Core (0.2.3)
  - Bond (4.3.1)
  - Colours (5.13.0):
    - Colours/ObjC (= 5.13.0)
  - Colours/ObjC (5.13.0)
  - CYLTabBarController (1.2.7)
  - DACircularProgress (2.3.1)
  - EasySwift (0.0.8):
    - Alamofire
    - APAddressBook
    - Bond
    - Colours
    - CYLTabBarController
    - GCDSwift
    - HanekeSwift
    - IQKeyboardManager
    - Kingfisher
    - Loggerithm
    - MWPhotoBrowser
    - ObjectMapper
    - RainbowNavigation
    - ReachabilitySwift
    - SnapKit
    - SystemServices
    - TTTAttributedLabel
    - UIButton-SSEdgeInsets
    - UITableView+FDTemplateLayoutCell
  - GCDSwift (0.2.0)
  - HanekeSwift (0.10.1)
  - IQKeyboardManager (4.0.1)
  - Kingfisher (2.2.2)
  - Loggerithm (1.3.1)
  - MBProgressHUD (0.9.2)
  - MWPhotoBrowser (2.1.1):
    - DACircularProgress (~> 2.3)
    - MBProgressHUD (~> 0.9)
    - SDWebImage (!= 3.7.2, ~> 3.7)
  - ObjectMapper (1.2.0)
  - RainbowNavigation (1.0.0)
  - ReachabilitySwift (2.3.3)
  - SDWebImage (3.7.5):
    - SDWebImage/Core (= 3.7.5)
  - SDWebImage/Core (3.7.5)
  - SnapKit (0.20.0)
  - SystemServices (1.1.1)
  - TTTAttributedLabel (1.13.4)
  - UIButton-SSEdgeInsets (0.1.2)
  - UITableView+FDTemplateLayoutCell (1.4)

DEPENDENCIES:
  - EasySwift (from `../`)

EXTERNAL SOURCES:
  EasySwift:
    :path: ../

SPEC CHECKSUMS:
  Alamofire: 369bc67b6f5ac33ded3648d7bd21c5bfb91c2ecc
  APAddressBook: 2a91bf05999548bea210ec9d1a68073f4dc8bfce
  Bond: 55903fc67f09e8e49791a657163cabba1d6fb29d
  Colours: f24220c38f13deac88612667e9b4a7fb96b871d4
  CYLTabBarController: 639c5eca91cc564671bfd876e5fcc1a39cc49bf7
  DACircularProgress: 4dd437c0fc3da5161cb289e07ac449493d41db71
  EasySwift: dc2c5311662d0fc897d72c9759f520c26e5cf6d2
  GCDSwift: 4382f69c53deaf730adfc5d7d16901cc95e31ca5
  HanekeSwift: 08e47d3d0f2899ec58e5d257beba0de619aca9e8
  IQKeyboardManager: 0c11a0cb402a621f7aa1aff506f60ab6d2388969
  Kingfisher: 7e8de5b0cf7b5dc8ec559d193029a0859df93ef1
  Loggerithm: 7166cfb29ed73c595f9e1f2ec7dba65ed5a5b0d0
  MBProgressHUD: 1569cf7ace17a8bac47aabfbb8580a49690386d1
  MWPhotoBrowser: ba0d0c09ffda3a7ea10093518738c502c1c7141c
  ObjectMapper: b1e9c7c8a9f6400b72690c80072c131504caa66f
  RainbowNavigation: f22e8fa746a5c9cee7bc8ef4a02352e2f06d34e7
  ReachabilitySwift: e0f6b6f280effb47731acfaaa2d5ffe223703793
  SDWebImage: 69c6303e3348fba97e03f65d65d4fbc26740f461
  SnapKit: 5fce3c1bbbf1fbd31de9aa92f33eb9fa03f15650
  SystemServices: cc55971fb9b1a5b01ad11e6ae0f46483ca5affa5
  TTTAttributedLabel: 0a2ac7b2dd726d32a070dafb01446026b11e624f
  UIButton-SSEdgeInsets: a183cd4125538ff1eac844c2a23ea1395e7d5514
  UITableView+FDTemplateLayoutCell: 234e1582bcc4e18461af91155123bb96538ed030

COCOAPODS: 0.39.0
