// !$*UTF8*$!
{
	archiveVersion = 1;
	classes = {
	};
	objectVersion = 46;
	objects = {

/* Begin PBXBuildFile section */
		DE0C65001C92CE0F00120055 /* main.m in Sources */ = {isa = PBXBuildFile; fileRef = DE0C64FF1C92CE0F00120055 /* main.m */; };
		DE0C65031C92CE0F00120055 /* AppDelegate.m in Sources */ = {isa = PBXBuildFile; fileRef = DE0C65021C92CE0F00120055 /* AppDelegate.m */; };
		DE0C65061C92CE0F00120055 /* ViewController.m in Sources */ = {isa = PBXBuildFile; fileRef = DE0C65051C92CE0F00120055 /* ViewController.m */; };
		DE0C65091C92CE0F00120055 /* Main.storyboard in Resources */ = {isa = PBXBuildFile; fileRef = DE0C65071C92CE0F00120055 /* Main.storyboard */; };
		DE0C650B1C92CE0F00120055 /* Assets.xcassets in Resources */ = {isa = PBXBuildFile; fileRef = DE0C650A1C92CE0F00120055 /* Assets.xcassets */; };
		DE0C650E1C92CE0F00120055 /* LaunchScreen.storyboard in Resources */ = {isa = PBXBuildFile; fileRef = DE0C650C1C92CE0F00120055 /* LaunchScreen.storyboard */; };
		DE0C65191C92CE0F00120055 /* EasySwiftTests.m in Sources */ = {isa = PBXBuildFile; fileRef = DE0C65181C92CE0F00120055 /* EasySwiftTests.m */; };
		DE0C65241C92CE0F00120055 /* EasySwiftUITests.m in Sources */ = {isa = PBXBuildFile; fileRef = DE0C65231C92CE0F00120055 /* EasySwiftUITests.m */; };
		DEFC29431C93EC330009F2B3 /* UIScrollView+EmptyDataSet.m in Sources */ = {isa = PBXBuildFile; fileRef = DEFC29421C93EC330009F2B3 /* UIScrollView+EmptyDataSet.m */; };
		DEFC29451C93F4CF0009F2B3 /* Foundation.framework in Frameworks */ = {isa = PBXBuildFile; fileRef = DEFC29441C93F4CF0009F2B3 /* Foundation.framework */; };
		DEFC29471C93F4D50009F2B3 /* UIKit.framework in Frameworks */ = {isa = PBXBuildFile; fileRef = DEFC29461C93F4D50009F2B3 /* UIKit.framework */; };
		DEFC29491C93F4E30009F2B3 /* CoreGraphics.framework in Frameworks */ = {isa = PBXBuildFile; fileRef = DEFC29481C93F4E30009F2B3 /* CoreGraphics.framework */; };
		DEFC29511C93FD070009F2B3 /* EmptyViewFactory.m in Sources */ = {isa = PBXBuildFile; fileRef = DEFC294C1C93FD070009F2B3 /* EmptyViewFactory.m */; };
		DEFC29521C93FD070009F2B3 /* FOREmptyAssistantConfiger.m in Sources */ = {isa = PBXBuildFile; fileRef = DEFC294E1C93FD070009F2B3 /* FOREmptyAssistantConfiger.m */; };
		DEFC29531C93FD070009F2B3 /* FORScrollViewEmptyAssistant.m in Sources */ = {isa = PBXBuildFile; fileRef = DEFC29501C93FD070009F2B3 /* FORScrollViewEmptyAssistant.m */; };
/* End PBXBuildFile section */

/* Begin PBXContainerItemProxy section */
		DE0C65151C92CE0F00120055 /* PBXContainerItemProxy */ = {
			isa = PBXContainerItemProxy;
			containerPortal = DE0C64F31C92CE0F00120055 /* Project object */;
			proxyType = 1;
			remoteGlobalIDString = DE0C64FA1C92CE0F00120055;
			remoteInfo = EasySwift;
		};
		DE0C65201C92CE0F00120055 /* PBXContainerItemProxy */ = {
			isa = PBXContainerItemProxy;
			containerPortal = DE0C64F31C92CE0F00120055 /* Project object */;
			proxyType = 1;
			remoteGlobalIDString = DE0C64FA1C92CE0F00120055;
			remoteInfo = EasySwift;
		};
/* End PBXContainerItemProxy section */

/* Begin PBXFileReference section */
		DE0C64FB1C92CE0F00120055 /* EasySwift.app */ = {isa = PBXFileReference; explicitFileType = wrapper.application; includeInIndex = 0; path = EasySwift.app; sourceTree = BUILT_PRODUCTS_DIR; };
		DE0C64FF1C92CE0F00120055 /* main.m */ = {isa = PBXFileReference; lastKnownFileType = sourcecode.c.objc; path = main.m; sourceTree = "<group>"; };
		DE0C65011C92CE0F00120055 /* AppDelegate.h */ = {isa = PBXFileReference; lastKnownFileType = sourcecode.c.h; path = AppDelegate.h; sourceTree = "<group>"; };
		DE0C65021C92CE0F00120055 /* AppDelegate.m */ = {isa = PBXFileReference; lastKnownFileType = sourcecode.c.objc; path = AppDelegate.m; sourceTree = "<group>"; };
		DE0C65041C92CE0F00120055 /* ViewController.h */ = {isa = PBXFileReference; lastKnownFileType = sourcecode.c.h; path = ViewController.h; sourceTree = "<group>"; };
		DE0C65051C92CE0F00120055 /* ViewController.m */ = {isa = PBXFileReference; lastKnownFileType = sourcecode.c.objc; path = ViewController.m; sourceTree = "<group>"; };
		DE0C65081C92CE0F00120055 /* Base */ = {isa = PBXFileReference; lastKnownFileType = file.storyboard; name = Base; path = Base.lproj/Main.storyboard; sourceTree = "<group>"; };
		DE0C650A1C92CE0F00120055 /* Assets.xcassets */ = {isa = PBXFileReference; lastKnownFileType = folder.assetcatalog; path = Assets.xcassets; sourceTree = "<group>"; };
		DE0C650D1C92CE0F00120055 /* Base */ = {isa = PBXFileReference; lastKnownFileType = file.storyboard; name = Base; path = Base.lproj/LaunchScreen.storyboard; sourceTree = "<group>"; };
		DE0C650F1C92CE0F00120055 /* Info.plist */ = {isa = PBXFileReference; lastKnownFileType = text.plist.xml; path = Info.plist; sourceTree = "<group>"; };
		DE0C65141C92CE0F00120055 /* EasySwiftTests.xctest */ = {isa = PBXFileReference; explicitFileType = wrapper.cfbundle; includeInIndex = 0; path = EasySwiftTests.xctest; sourceTree = BUILT_PRODUCTS_DIR; };
		DE0C65181C92CE0F00120055 /* EasySwiftTests.m */ = {isa = PBXFileReference; lastKnownFileType = sourcecode.c.objc; path = EasySwiftTests.m; sourceTree = "<group>"; };
		DE0C651A1C92CE0F00120055 /* Info.plist */ = {isa = PBXFileReference; lastKnownFileType = text.plist.xml; path = Info.plist; sourceTree = "<group>"; };
		DE0C651F1C92CE0F00120055 /* EasySwiftUITests.xctest */ = {isa = PBXFileReference; explicitFileType = wrapper.cfbundle; includeInIndex = 0; path = EasySwiftUITests.xctest; sourceTree = BUILT_PRODUCTS_DIR; };
		DE0C65231C92CE0F00120055 /* EasySwiftUITests.m */ = {isa = PBXFileReference; lastKnownFileType = sourcecode.c.objc; path = EasySwiftUITests.m; sourceTree = "<group>"; };
		DE0C65251C92CE0F00120055 /* Info.plist */ = {isa = PBXFileReference; lastKnownFileType = text.plist.xml; path = Info.plist; sourceTree = "<group>"; };
		DEFC29411C93EC330009F2B3 /* UIScrollView+EmptyDataSet.h */ = {isa = PBXFileReference; fileEncoding = 4; lastKnownFileType = sourcecode.c.h; path = "UIScrollView+EmptyDataSet.h"; sourceTree = "<group>"; };
		DEFC29421C93EC330009F2B3 /* UIScrollView+EmptyDataSet.m */ = {isa = PBXFileReference; fileEncoding = 4; lastKnownFileType = sourcecode.c.objc; path = "UIScrollView+EmptyDataSet.m"; sourceTree = "<group>"; };
		DEFC29441C93F4CF0009F2B3 /* Foundation.framework */ = {isa = PBXFileReference; lastKnownFileType = wrapper.framework; name = Foundation.framework; path = System/Library/Frameworks/Foundation.framework; sourceTree = SDKROOT; };
		DEFC29461C93F4D50009F2B3 /* UIKit.framework */ = {isa = PBXFileReference; lastKnownFileType = wrapper.framework; name = UIKit.framework; path = System/Library/Frameworks/UIKit.framework; sourceTree = SDKROOT; };
		DEFC29481C93F4E30009F2B3 /* CoreGraphics.framework */ = {isa = PBXFileReference; lastKnownFileType = wrapper.framework; name = CoreGraphics.framework; path = System/Library/Frameworks/CoreGraphics.framework; sourceTree = SDKROOT; };
		DEFC294B1C93FD070009F2B3 /* EmptyViewFactory.h */ = {isa = PBXFileReference; fileEncoding = 4; lastKnownFileType = sourcecode.c.h; path = EmptyViewFactory.h; sourceTree = "<group>"; };
		DEFC294C1C93FD070009F2B3 /* EmptyViewFactory.m */ = {isa = PBXFileReference; fileEncoding = 4; lastKnownFileType = sourcecode.c.objc; path = EmptyViewFactory.m; sourceTree = "<group>"; };
		DEFC294D1C93FD070009F2B3 /* FOREmptyAssistantConfiger.h */ = {isa = PBXFileReference; fileEncoding = 4; lastKnownFileType = sourcecode.c.h; path = FOREmptyAssistantConfiger.h; sourceTree = "<group>"; };
		DEFC294E1C93FD070009F2B3 /* FOREmptyAssistantConfiger.m */ = {isa = PBXFileReference; fileEncoding = 4; lastKnownFileType = sourcecode.c.objc; path = FOREmptyAssistantConfiger.m; sourceTree = "<group>"; };
		DEFC294F1C93FD070009F2B3 /* FORScrollViewEmptyAssistant.h */ = {isa = PBXFileReference; fileEncoding = 4; lastKnownFileType = sourcecode.c.h; path = FORScrollViewEmptyAssistant.h; sourceTree = "<group>"; };
		DEFC29501C93FD070009F2B3 /* FORScrollViewEmptyAssistant.m */ = {isa = PBXFileReference; fileEncoding = 4; lastKnownFileType = sourcecode.c.objc; path = FORScrollViewEmptyAssistant.m; sourceTree = "<group>"; };
/* End PBXFileReference section */

/* Begin PBXFrameworksBuildPhase section */
		DE0C64F81C92CE0F00120055 /* Frameworks */ = {
			isa = PBXFrameworksBuildPhase;
			buildActionMask = 2147483647;
			files = (
				DEFC29491C93F4E30009F2B3 /* CoreGraphics.framework in Frameworks */,
				DEFC29471C93F4D50009F2B3 /* UIKit.framework in Frameworks */,
				DEFC29451C93F4CF0009F2B3 /* Foundation.framework in Frameworks */,
			);
			runOnlyForDeploymentPostprocessing = 0;
		};
		DE0C65111C92CE0F00120055 /* Frameworks */ = {
			isa = PBXFrameworksBuildPhase;
			buildActionMask = 2147483647;
			files = (
			);
			runOnlyForDeploymentPostprocessing = 0;
		};
		DE0C651C1C92CE0F00120055 /* Frameworks */ = {
			isa = PBXFrameworksBuildPhase;
			buildActionMask = 2147483647;
			files = (
			);
			runOnlyForDeploymentPostprocessing = 0;
		};
/* End PBXFrameworksBuildPhase section */

/* Begin PBXGroup section */
		DE0C64F21C92CE0F00120055 = {
			isa = PBXGroup;
			children = (
				DEFC29481C93F4E30009F2B3 /* CoreGraphics.framework */,
				DEFC29461C93F4D50009F2B3 /* UIKit.framework */,
				DEFC29441C93F4CF0009F2B3 /* Foundation.framework */,
				DE0C64FD1C92CE0F00120055 /* EasySwift */,
				DE0C65171C92CE0F00120055 /* EasySwiftTests */,
				DE0C65221C92CE0F00120055 /* EasySwiftUITests */,
				DE0C64FC1C92CE0F00120055 /* Products */,
			);
			sourceTree = "<group>";
		};
		DE0C64FC1C92CE0F00120055 /* Products */ = {
			isa = PBXGroup;
			children = (
				DE0C64FB1C92CE0F00120055 /* EasySwift.app */,
				DE0C65141C92CE0F00120055 /* EasySwiftTests.xctest */,
				DE0C651F1C92CE0F00120055 /* EasySwiftUITests.xctest */,
			);
			name = Products;
			sourceTree = "<group>";
		};
		DE0C64FD1C92CE0F00120055 /* EasySwift */ = {
			isa = PBXGroup;
			children = (
				DEFC29411C93EC330009F2B3 /* UIScrollView+EmptyDataSet.h */,
				DEFC29421C93EC330009F2B3 /* UIScrollView+EmptyDataSet.m */,
				DEFC294A1C93FD070009F2B3 /* EmptyAssistant */,
				DE0C65011C92CE0F00120055 /* AppDelegate.h */,
				DE0C65021C92CE0F00120055 /* AppDelegate.m */,
				DE0C65041C92CE0F00120055 /* ViewController.h */,
				DE0C65051C92CE0F00120055 /* ViewController.m */,
				DE0C65071C92CE0F00120055 /* Main.storyboard */,
				DE0C650A1C92CE0F00120055 /* Assets.xcassets */,
				DE0C650C1C92CE0F00120055 /* LaunchScreen.storyboard */,
				DE0C650F1C92CE0F00120055 /* Info.plist */,
				DE0C64FE1C92CE0F00120055 /* Supporting Files */,
			);
			path = EasySwift;
			sourceTree = "<group>";
		};
		DE0C64FE1C92CE0F00120055 /* Supporting Files */ = {
			isa = PBXGroup;
			children = (
				DE0C64FF1C92CE0F00120055 /* main.m */,
			);
			name = "Supporting Files";
			sourceTree = "<group>";
		};
		DE0C65171C92CE0F00120055 /* EasySwiftTests */ = {
			isa = PBXGroup;
			children = (
				DE0C65181C92CE0F00120055 /* EasySwiftTests.m */,
				DE0C651A1C92CE0F00120055 /* Info.plist */,
			);
			path = EasySwiftTests;
			sourceTree = "<group>";
		};
		DE0C65221C92CE0F00120055 /* EasySwiftUITests */ = {
			isa = PBXGroup;
			children = (
				DE0C65231C92CE0F00120055 /* EasySwiftUITests.m */,
				DE0C65251C92CE0F00120055 /* Info.plist */,
			);
			path = EasySwiftUITests;
			sourceTree = "<group>";
		};
		DEFC294A1C93FD070009F2B3 /* EmptyAssistant */ = {
			isa = PBXGroup;
			children = (
				DEFC294B1C93FD070009F2B3 /* EmptyViewFactory.h */,
				DEFC294C1C93FD070009F2B3 /* EmptyViewFactory.m */,
				DEFC294D1C93FD070009F2B3 /* FOREmptyAssistantConfiger.h */,
				DEFC294E1C93FD070009F2B3 /* FOREmptyAssistantConfiger.m */,
				DEFC294F1C93FD070009F2B3 /* FORScrollViewEmptyAssistant.h */,
				DEFC29501C93FD070009F2B3 /* FORScrollViewEmptyAssistant.m */,
			);
			path = EmptyAssistant;
			sourceTree = "<group>";
		};
/* End PBXGroup section */

/* Begin PBXNativeTarget section */
		DE0C64FA1C92CE0F00120055 /* EasySwift */ = {
			isa = PBXNativeTarget;
			buildConfigurationList = DE0C65281C92CE0F00120055 /* Build configuration list for PBXNativeTarget "EasySwift" */;
			buildPhases = (
				DE0C64F71C92CE0F00120055 /* Sources */,
				DE0C64F81C92CE0F00120055 /* Frameworks */,
				DE0C64F91C92CE0F00120055 /* Resources */,
			);
			buildRules = (
			);
			dependencies = (
			);
			name = EasySwift;
			productName = EasySwift;
			productReference = DE0C64FB1C92CE0F00120055 /* EasySwift.app */;
			productType = "com.apple.product-type.application";
		};
		DE0C65131C92CE0F00120055 /* EasySwiftTests */ = {
			isa = PBXNativeTarget;
			buildConfigurationList = DE0C652B1C92CE0F00120055 /* Build configuration list for PBXNativeTarget "EasySwiftTests" */;
			buildPhases = (
				DE0C65101C92CE0F00120055 /* Sources */,
				DE0C65111C92CE0F00120055 /* Frameworks */,
				DE0C65121C92CE0F00120055 /* Resources */,
			);
			buildRules = (
			);
			dependencies = (
				DE0C65161C92CE0F00120055 /* PBXTargetDependency */,
			);
			name = EasySwiftTests;
			productName = EasySwiftTests;
			productReference = DE0C65141C92CE0F00120055 /* EasySwiftTests.xctest */;
			productType = "com.apple.product-type.bundle.unit-test";
		};
		DE0C651E1C92CE0F00120055 /* EasySwiftUITests */ = {
			isa = PBXNativeTarget;
			buildConfigurationList = DE0C652E1C92CE0F00120055 /* Build configuration list for PBXNativeTarget "EasySwiftUITests" */;
			buildPhases = (
				DE0C651B1C92CE0F00120055 /* Sources */,
				DE0C651C1C92CE0F00120055 /* Frameworks */,
				DE0C651D1C92CE0F00120055 /* Resources */,
			);
			buildRules = (
			);
			dependencies = (
				DE0C65211C92CE0F00120055 /* PBXTargetDependency */,
			);
			name = EasySwiftUITests;
			productName = EasySwiftUITests;
			productReference = DE0C651F1C92CE0F00120055 /* EasySwiftUITests.xctest */;
			productType = "com.apple.product-type.bundle.ui-testing";
		};
/* End PBXNativeTarget section */

/* Begin PBXProject section */
		DE0C64F31C92CE0F00120055 /* Project object */ = {
			isa = PBXProject;
			attributes = {
				LastUpgradeCheck = 0720;
				ORGANIZATIONNAME = "袁晓钧";
				TargetAttributes = {
					DE0C64FA1C92CE0F00120055 = {
						CreatedOnToolsVersion = 7.2.1;
					};
					DE0C65131C92CE0F00120055 = {
						CreatedOnToolsVersion = 7.2.1;
						TestTargetID = DE0C64FA1C92CE0F00120055;
					};
					DE0C651E1C92CE0F00120055 = {
						CreatedOnToolsVersion = 7.2.1;
						TestTargetID = DE0C64FA1C92CE0F00120055;
					};
				};
			};
			buildConfigurationList = DE0C64F61C92CE0F00120055 /* Build configuration list for PBXProject "EasySwift" */;
			compatibilityVersion = "Xcode 3.2";
			developmentRegion = English;
			hasScannedForEncodings = 0;
			knownRegions = (
				en,
				Base,
			);
			mainGroup = DE0C64F21C92CE0F00120055;
			productRefGroup = DE0C64FC1C92CE0F00120055 /* Products */;
			projectDirPath = "";
			projectRoot = "";
			targets = (
				DE0C64FA1C92CE0F00120055 /* EasySwift */,
				DE0C65131C92CE0F00120055 /* EasySwiftTests */,
				DE0C651E1C92CE0F00120055 /* EasySwiftUITests */,
			);
		};
/* End PBXProject section */

/* Begin PBXResourcesBuildPhase section */
		DE0C64F91C92CE0F00120055 /* Resources */ = {
			isa = PBXResourcesBuildPhase;
			buildActionMask = 2147483647;
			files = (
				DE0C650E1C92CE0F00120055 /* LaunchScreen.storyboard in Resources */,
				DE0C650B1C92CE0F00120055 /* Assets.xcassets in Resources */,
				DE0C65091C92CE0F00120055 /* Main.storyboard in Resources */,
			);
			runOnlyForDeploymentPostprocessing = 0;
		};
		DE0C65121C92CE0F00120055 /* Resources */ = {
			isa = PBXResourcesBuildPhase;
			buildActionMask = 2147483647;
			files = (
			);
			runOnlyForDeploymentPostprocessing = 0;
		};
		DE0C651D1C92CE0F00120055 /* Resources */ = {
			isa = PBXResourcesBuildPhase;
			buildActionMask = 2147483647;
			files = (
			);
			runOnlyForDeploymentPostprocessing = 0;
		};
/* End PBXResourcesBuildPhase section */

/* Begin PBXSourcesBuildPhase section */
		DE0C64F71C92CE0F00120055 /* Sources */ = {
			isa = PBXSourcesBuildPhase;
			buildActionMask = 2147483647;
			files = (
				DE0C65061C92CE0F00120055 /* ViewController.m in Sources */,
				DEFC29521C93FD070009F2B3 /* FOREmptyAssistantConfiger.m in Sources */,
				DE0C65031C92CE0F00120055 /* AppDelegate.m in Sources */,
				DEFC29531C93FD070009F2B3 /* FORScrollViewEmptyAssistant.m in Sources */,
				DEFC29511C93FD070009F2B3 /* EmptyViewFactory.m in Sources */,
				DEFC29431C93EC330009F2B3 /* UIScrollView+EmptyDataSet.m in Sources */,
				DE0C65001C92CE0F00120055 /* main.m in Sources */,
			);
			runOnlyForDeploymentPostprocessing = 0;
		};
		DE0C65101C92CE0F00120055 /* Sources */ = {
			isa = PBXSourcesBuildPhase;
			buildActionMask = 2147483647;
			files = (
				DE0C65191C92CE0F00120055 /* EasySwiftTests.m in Sources */,
			);
			runOnlyForDeploymentPostprocessing = 0;
		};
		DE0C651B1C92CE0F00120055 /* Sources */ = {
			isa = PBXSourcesBuildPhase;
			buildActionMask = 2147483647;
			files = (
				DE0C65241C92CE0F00120055 /* EasySwiftUITests.m in Sources */,
			);
			runOnlyForDeploymentPostprocessing = 0;
		};
/* End PBXSourcesBuildPhase section */

/* Begin PBXTargetDependency section */
		DE0C65161C92CE0F00120055 /* PBXTargetDependency */ = {
			isa = PBXTargetDependency;
			target = DE0C64FA1C92CE0F00120055 /* EasySwift */;
			targetProxy = DE0C65151C92CE0F00120055 /* PBXContainerItemProxy */;
		};
		DE0C65211C92CE0F00120055 /* PBXTargetDependency */ = {
			isa = PBXTargetDependency;
			target = DE0C64FA1C92CE0F00120055 /* EasySwift */;
			targetProxy = DE0C65201C92CE0F00120055 /* PBXContainerItemProxy */;
		};
/* End PBXTargetDependency section */

/* Begin PBXVariantGroup section */
		DE0C65071C92CE0F00120055 /* Main.storyboard */ = {
			isa = PBXVariantGroup;
			children = (
				DE0C65081C92CE0F00120055 /* Base */,
			);
			name = Main.storyboard;
			sourceTree = "<group>";
		};
		DE0C650C1C92CE0F00120055 /* LaunchScreen.storyboard */ = {
			isa = PBXVariantGroup;
			children = (
				DE0C650D1C92CE0F00120055 /* Base */,
			);
			name = LaunchScreen.storyboard;
			sourceTree = "<group>";
		};
/* End PBXVariantGroup section */

/* Begin XCBuildConfiguration section */
		DE0C65261C92CE0F00120055 /* Debug */ = {
			isa = XCBuildConfiguration;
			buildSettings = {
				ALWAYS_SEARCH_USER_PATHS = NO;
				CLANG_CXX_LANGUAGE_STANDARD = "gnu++0x";
				CLANG_CXX_LIBRARY = "libc++";
				CLANG_ENABLE_MODULES = YES;
				CLANG_ENABLE_OBJC_ARC = YES;
				CLANG_WARN_BOOL_CONVERSION = YES;
				CLANG_WARN_CONSTANT_CONVERSION = YES;
				CLANG_WARN_DIRECT_OBJC_ISA_USAGE = YES_ERROR;
				CLANG_WARN_EMPTY_BODY = YES;
				CLANG_WARN_ENUM_CONVERSION = YES;
				CLANG_WARN_INT_CONVERSION = YES;
				CLANG_WARN_OBJC_ROOT_CLASS = YES_ERROR;
				CLANG_WARN_UNREACHABLE_CODE = YES;
				CLANG_WARN__DUPLICATE_METHOD_MATCH = YES;
				"CODE_SIGN_IDENTITY[sdk=iphoneos*]" = "iPhone Developer";
				COPY_PHASE_STRIP = NO;
				DEBUG_INFORMATION_FORMAT = dwarf;
				ENABLE_STRICT_OBJC_MSGSEND = YES;
				ENABLE_TESTABILITY = YES;
				GCC_C_LANGUAGE_STANDARD = gnu99;
				GCC_DYNAMIC_NO_PIC = NO;
				GCC_NO_COMMON_BLOCKS = YES;
				GCC_OPTIMIZATION_LEVEL = 0;
				GCC_PREPROCESSOR_DEFINITIONS = (
					"DEBUG=1",
					"$(inherited)",
				);
				GCC_WARN_64_TO_32_BIT_CONVERSION = YES;
				GCC_WARN_ABOUT_RETURN_TYPE = YES_ERROR;
				GCC_WARN_UNDECLARED_SELECTOR = YES;
				GCC_WARN_UNINITIALIZED_AUTOS = YES_AGGRESSIVE;
				GCC_WARN_UNUSED_FUNCTION = YES;
				GCC_WARN_UNUSED_VARIABLE = YES;
				IPHONEOS_DEPLOYMENT_TARGET = 9.2;
				MTL_ENABLE_DEBUG_INFO = YES;
				ONLY_ACTIVE_ARCH = YES;
				SDKROOT = iphoneos;
			};
			name = Debug;
		};
		DE0C65271C92CE0F00120055 /* Release */ = {
			isa = XCBuildConfiguration;
			buildSettings = {
				ALWAYS_SEARCH_USER_PATHS = NO;
				CLANG_CXX_LANGUAGE_STANDARD = "gnu++0x";
				CLANG_CXX_LIBRARY = "libc++";
				CLANG_ENABLE_MODULES = YES;
				CLANG_ENABLE_OBJC_ARC = YES;
				CLANG_WARN_BOOL_CONVERSION = YES;
				CLANG_WARN_CONSTANT_CONVERSION = YES;
				CLANG_WARN_DIRECT_OBJC_ISA_USAGE = YES_ERROR;
				CLANG_WARN_EMPTY_BODY = YES;
				CLANG_WARN_ENUM_CONVERSION = YES;
				CLANG_WARN_INT_CONVERSION = YES;
				CLANG_WARN_OBJC_ROOT_CLASS = YES_ERROR;
				CLANG_WARN_UNREACHABLE_CODE = YES;
				CLANG_WARN__DUPLICATE_METHOD_MATCH = YES;
				"CODE_SIGN_IDENTITY[sdk=iphoneos*]" = "iPhone Developer";
				COPY_PHASE_STRIP = NO;
				DEBUG_INFORMATION_FORMAT = "dwarf-with-dsym";
				ENABLE_NS_ASSERTIONS = NO;
				ENABLE_STRICT_OBJC_MSGSEND = YES;
				GCC_C_LANGUAGE_STANDARD = gnu99;
				GCC_NO_COMMON_BLOCKS = YES;
				GCC_WARN_64_TO_32_BIT_CONVERSION = YES;
				GCC_WARN_ABOUT_RETURN_TYPE = YES_ERROR;
				GCC_WARN_UNDECLARED_SELECTOR = YES;
				GCC_WARN_UNINITIALIZED_AUTOS = YES_AGGRESSIVE;
				GCC_WARN_UNUSED_FUNCTION = YES;
				GCC_WARN_UNUSED_VARIABLE = YES;
				IPHONEOS_DEPLOYMENT_TARGET = 9.2;
				MTL_ENABLE_DEBUG_INFO = NO;
				SDKROOT = iphoneos;
				VALIDATE_PRODUCT = YES;
			};
			name = Release;
		};
		DE0C65291C92CE0F00120055 /* Debug */ = {
			isa = XCBuildConfiguration;
			buildSettings = {
				ASSETCATALOG_COMPILER_APPICON_NAME = AppIcon;
				INFOPLIST_FILE = EasySwift/Info.plist;
				IPHONEOS_DEPLOYMENT_TARGET = 7.0;
				LD_RUNPATH_SEARCH_PATHS = "$(inherited) @executable_path/Frameworks";
				PRODUCT_BUNDLE_IDENTIFIER = com.YXJ.EasySwift;
				PRODUCT_NAME = "$(TARGET_NAME)";
			};
			name = Debug;
		};
		DE0C652A1C92CE0F00120055 /* Release */ = {
			isa = XCBuildConfiguration;
			buildSettings = {
				ASSETCATALOG_COMPILER_APPICON_NAME = AppIcon;
				INFOPLIST_FILE = EasySwift/Info.plist;
				IPHONEOS_DEPLOYMENT_TARGET = 7.0;
				LD_RUNPATH_SEARCH_PATHS = "$(inherited) @executable_path/Frameworks";
				PRODUCT_BUNDLE_IDENTIFIER = com.YXJ.EasySwift;
				PRODUCT_NAME = "$(TARGET_NAME)";
			};
			name = Release;
		};
		DE0C652C1C92CE0F00120055 /* Debug */ = {
			isa = XCBuildConfiguration;
			buildSettings = {
				BUNDLE_LOADER = "$(TEST_HOST)";
				INFOPLIST_FILE = EasySwiftTests/Info.plist;
				LD_RUNPATH_SEARCH_PATHS = "$(inherited) @executable_path/Frameworks @loader_path/Frameworks";
				PRODUCT_BUNDLE_IDENTIFIER = com.YXJ.EasySwiftTests;
				PRODUCT_NAME = "$(TARGET_NAME)";
				TEST_HOST = "$(BUILT_PRODUCTS_DIR)/EasySwift.app/EasySwift";
			};
			name = Debug;
		};
		DE0C652D1C92CE0F00120055 /* Release */ = {
			isa = XCBuildConfiguration;
			buildSettings = {
				BUNDLE_LOADER = "$(TEST_HOST)";
				INFOPLIST_FILE = EasySwiftTests/Info.plist;
				LD_RUNPATH_SEARCH_PATHS = "$(inherited) @executable_path/Frameworks @loader_path/Frameworks";
				PRODUCT_BUNDLE_IDENTIFIER = com.YXJ.EasySwiftTests;
				PRODUCT_NAME = "$(TARGET_NAME)";
				TEST_HOST = "$(BUILT_PRODUCTS_DIR)/EasySwift.app/EasySwift";
			};
			name = Release;
		};
		DE0C652F1C92CE0F00120055 /* Debug */ = {
			isa = XCBuildConfiguration;
			buildSettings = {
				INFOPLIST_FILE = EasySwiftUITests/Info.plist;
				LD_RUNPATH_SEARCH_PATHS = "$(inherited) @executable_path/Frameworks @loader_path/Frameworks";
				PRODUCT_BUNDLE_IDENTIFIER = com.YXJ.EasySwiftUITests;
				PRODUCT_NAME = "$(TARGET_NAME)";
				TEST_TARGET_NAME = EasySwift;
				USES_XCTRUNNER = YES;
			};
			name = Debug;
		};
		DE0C65301C92CE0F00120055 /* Release */ = {
			isa = XCBuildConfiguration;
			buildSettings = {
				INFOPLIST_FILE = EasySwiftUITests/Info.plist;
				LD_RUNPATH_SEARCH_PATHS = "$(inherited) @executable_path/Frameworks @loader_path/Frameworks";
				PRODUCT_BUNDLE_IDENTIFIER = com.YXJ.EasySwiftUITests;
				PRODUCT_NAME = "$(TARGET_NAME)";
				TEST_TARGET_NAME = EasySwift;
				USES_XCTRUNNER = YES;
			};
			name = Release;
		};
/* End XCBuildConfiguration section */

/* Begin XCConfigurationList section */
		DE0C64F61C92CE0F00120055 /* Build configuration list for PBXProject "EasySwift" */ = {
			isa = XCConfigurationList;
			buildConfigurations = (
				DE0C65261C92CE0F00120055 /* Debug */,
				DE0C65271C92CE0F00120055 /* Release */,
			);
			defaultConfigurationIsVisible = 0;
			defaultConfigurationName = Release;
		};
		DE0C65281C92CE0F00120055 /* Build configuration list for PBXNativeTarget "EasySwift" */ = {
			isa = XCConfigurationList;
			buildConfigurations = (
				DE0C65291C92CE0F00120055 /* Debug */,
				DE0C652A1C92CE0F00120055 /* Release */,
			);
			defaultConfigurationIsVisible = 0;
			defaultConfigurationName = Release;
		};
		DE0C652B1C92CE0F00120055 /* Build configuration list for PBXNativeTarget "EasySwiftTests" */ = {
			isa = XCConfigurationList;
			buildConfigurations = (
				DE0C652C1C92CE0F00120055 /* Debug */,
				DE0C652D1C92CE0F00120055 /* Release */,
			);
			defaultConfigurationIsVisible = 0;
			defaultConfigurationName = Release;
		};
		DE0C652E1C92CE0F00120055 /* Build configuration list for PBXNativeTarget "EasySwiftUITests" */ = {
			isa = XCConfigurationList;
			buildConfigurations = (
				DE0C652F1C92CE0F00120055 /* Debug */,
				DE0C65301C92CE0F00120055 /* Release */,
			);
			defaultConfigurationIsVisible = 0;
			defaultConfigurationName = Release;
		};
/* End XCConfigurationList section */
	};
	rootObject = DE0C64F31C92CE0F00120055 /* Project object */;
}
